
Microsoft Visual Studio Solution File, Format Version 12.00
# Visual Studio Version 17
VisualStudioVersion = 17.8.34511.84
MinimumVisualStudioVersion = 10.0.40219.1
Project("{9A19103F-16F7-4668-BE54-9A1E7A4F7556}") = "ProdSales", "ProdSales\ProdSales.csproj", "{F054F960-59FD-4DF2-B3BC-A8E73E0132F9}"
EndProject
Project("{9A19103F-16F7-4668-BE54-9A1E7A4F7556}") = "Application", "Application\Application.csproj", "{5C647172-31A3-4B08-8478-B750F48B8DA7}"
EndProject
Project("{9A19103F-16F7-4668-BE54-9A1E7A4F7556}") = "Domain", "Domain\Domain.csproj", "{9275C2E4-30C0-4EA8-868B-2E97D37CF3EB}"
EndProject
Project("{9A19103F-16F7-4668-BE54-9A1E7A4F7556}") = "Infrastructure", "Infrastructure\Infrastructure.csproj", "{43A951F9-C897-45CB-865B-AFD0D7CA3245}"
EndProject
Global
	GlobalSection(SolutionConfigurationPlatforms) = preSolution
		Debug|Any CPU = Debug|Any CPU
		Release|Any CPU = Release|Any CPU
	EndGlobalSection
	GlobalSection(ProjectConfigurationPlatforms) = postSolution
		{F054F960-59FD-4DF2-B3BC-A8E73E0132F9}.Debug|Any CPU.ActiveCfg = Debug|Any CPU
		{F054F960-59FD-4DF2-B3BC-A8E73E0132F9}.Debug|Any CPU.Build.0 = Debug|Any CPU
		{F054F960-59FD-4DF2-B3BC-A8E73E0132F9}.Release|Any CPU.ActiveCfg = Release|Any CPU
		{F054F960-59FD-4DF2-B3BC-A8E73E0132F9}.Release|Any CPU.Build.0 = Release|Any CPU
		{5C647172-31A3-4B08-8478-B750F48B8DA7}.Debug|Any CPU.ActiveCfg = Debug|Any CPU
		{5C647172-31A3-4B08-8478-B750F48B8DA7}.Debug|Any CPU.Build.0 = Debug|Any CPU
		{5C647172-31A3-4B08-8478-B750F48B8DA7}.Release|Any CPU.ActiveCfg = Release|Any CPU
		{5C647172-31A3-4B08-8478-B750F48B8DA7}.Release|Any CPU.Build.0 = Release|Any CPU
		{9275C2E4-30C0-4EA8-868B-2E97D37CF3EB}.Debug|Any CPU.ActiveCfg = Debug|Any CPU
		{9275C2E4-30C0-4EA8-868B-2E97D37CF3EB}.Debug|Any CPU.Build.0 = Debug|Any CPU
		{9275C2E4-30C0-4EA8-868B-2E97D37CF3EB}.Release|Any CPU.ActiveCfg = Release|Any CPU
		{9275C2E4-30C0-4EA8-868B-2E97D37CF3EB}.Release|Any CPU.Build.0 = Release|Any CPU
		{43A951F9-C897-45CB-865B-AFD0D7CA3245}.Debug|Any CPU.ActiveCfg = Debug|Any CPU
		{43A951F9-C897-45CB-865B-AFD0D7CA3245}.Debug|Any CPU.Build.0 = Debug|Any CPU
		{43A951F9-C897-45CB-865B-AFD0D7CA3245}.Release|Any CPU.ActiveCfg = Release|Any CPU
		{43A951F9-C897-45CB-865B-AFD0D7CA3245}.Release|Any CPU.Build.0 = Release|Any CPU
	EndGlobalSection
	GlobalSection(SolutionProperties) = preSolution
		HideSolutionNode = FALSE
	EndGlobalSection
	GlobalSection(ExtensibilityGlobals) = postSolution
		SolutionGuid = {8DB914FB-EEF7-400B-AE2B-C60AE75DC9C5}
	EndGlobalSection
EndGlobal
